
Microsoft Visual Studio Solution File, Format Version 12.00
# Visual Studio Version 16
VisualStudioVersion = 16.0.31911.196
MinimumVisualStudioVersion = 10.0.40219.1
Project("{FAE04EC0-301F-11D3-BF4B-00C04F79EFBC}") = "7.3", "7.3\7.3.csproj", "{0D7C3D2A-2767-4ED3-86E5-83E857D48771}"
EndProject
Global
	GlobalSection(SolutionConfigurationPlatforms) = preSolution
		Debug|Any CPU = Debug|Any CPU
		Release|Any CPU = Release|Any CPU
	EndGlobalSection
	GlobalSection(ProjectConfigurationPlatforms) = postSolution
		{0D7C3D2A-2767-4ED3-86E5-83E857D48771}.Debug|Any CPU.ActiveCfg = Debug|Any CPU
		{0D7C3D2A-2767-4ED3-86E5-83E857D48771}.Debug|Any CPU.Build.0 = Debug|Any CPU
		{0D7C3D2A-2767-4ED3-86E5-83E857D48771}.Release|Any CPU.ActiveCfg = Release|Any CPU
		{0D7C3D2A-2767-4ED3-86E5-83E857D48771}.Release|Any CPU.Build.0 = Release|Any CPU
	EndGlobalSection
	GlobalSection(SolutionProperties) = preSolution
		HideSolutionNode = FALSE
	EndGlobalSection
	GlobalSection(ExtensibilityGlobals) = postSolution
		SolutionGuid = {85619C25-BDA6-4A95-8010-7B681792D078}
	EndGlobalSection
EndGlobal
